
Microsoft Visual Studio Solution File, Format Version 12.00
# Visual Studio 14
VisualStudioVersion = 14.0.25420.1
MinimumVisualStudioVersion = 10.0.40219.1
Project("{FAE04EC0-301F-11D3-BF4B-00C04F79EFBC}") = "Asn1PKCS", "Asn1PKCS\Asn1PKCS.csproj", "{60432479-92BC-4FAA-A209-B021516F8CCD}"
EndProject
Project("{FAE04EC0-301F-11D3-BF4B-00C04F79EFBC}") = "Asn1PKCSTest", "Asn1PKCSTest\Asn1PKCSTest.csproj", "{C4582F3B-7303-4B87-A9CE-681F5598D2D3}"
EndProject
Global
	GlobalSection(SolutionConfigurationPlatforms) = preSolution
		Debug|Any CPU = Debug|Any CPU
		Release|Any CPU = Release|Any CPU
	EndGlobalSection
	GlobalSection(ProjectConfigurationPlatforms) = postSolution
		{60432479-92BC-4FAA-A209-B021516F8CCD}.Debug|Any CPU.ActiveCfg = Debug|Any CPU
		{60432479-92BC-4FAA-A209-B021516F8CCD}.Debug|Any CPU.Build.0 = Debug|Any CPU
		{60432479-92BC-4FAA-A209-B021516F8CCD}.Release|Any CPU.ActiveCfg = Release|Any CPU
		{60432479-92BC-4FAA-A209-B021516F8CCD}.Release|Any CPU.Build.0 = Release|Any CPU
		{C4582F3B-7303-4B87-A9CE-681F5598D2D3}.Debug|Any CPU.ActiveCfg = Debug|Any CPU
		{C4582F3B-7303-4B87-A9CE-681F5598D2D3}.Debug|Any CPU.Build.0 = Debug|Any CPU
		{C4582F3B-7303-4B87-A9CE-681F5598D2D3}.Release|Any CPU.ActiveCfg = Release|Any CPU
		{C4582F3B-7303-4B87-A9CE-681F5598D2D3}.Release|Any CPU.Build.0 = Release|Any CPU
	EndGlobalSection
	GlobalSection(SolutionProperties) = preSolution
		HideSolutionNode = FALSE
	EndGlobalSection
EndGlobal
